<?xml version="1.0" encoding="utf-8"?>
<Project ToolsVersion="4.0" xmlns="http://schemas.microsoft.com/developer/msbuild/2003">
  <ItemGroup>
    <Filter Include="Source Files">
      <UniqueIdentifier>{4FC737F1-C7A5-4376-A066-2A32D752A2FF}</UniqueIdentifier>
      <Extensions>cpp;c;cc;cxx;def;odl;idl;hpj;bat;asm;asmx</Extensions>
    </Filter>
    <Filter Include="Header Files">
      <UniqueIdentifier>{93995380-89BD-4b04-88EB-625FBE52EBFB}</UniqueIdentifier>
      <Extensions>h;hh;hpp;hxx;hm;inl;inc;ipp;xsd</Extensions>
    </Filter>
    <Filter Include="Resource Files">
      <UniqueIdentifier>{67DA6AB6-F800-4c08-8B7A-83BB121AAD01}</UniqueIdentifier>
      <Extensions>rc;ico;cur;bmp;dlg;rc2;rct;bin;rgs;gif;jpg;jpeg;jpe;resx;tiff;tif;png;wav;mfcribbon-ms</Extensions>
    </Filter>
    <Filter Include="Common">
      <UniqueIdentifier>{b55b9a65-0b8e-44af-9946-eb6cea7ced4d}</UniqueIdentifier>
    </Filter>
    <Filter Include="XSDX">
      <UniqueIdentifier>{db4855ca-7742-4839-b517-bbfd7735729c}</UniqueIdentifier>
    </Filter>
    <Filter Include="XSDX\Header Files">
      <UniqueIdentifier>{3db207c0-c696-4e17-85d3-98ddbbfd96c8}</UniqueIdentifier>
    </Filter>
    <Filter Include="XSDX\Shader Files">
      <UniqueIdentifier>{c7672617-1379-4d67-9d18-24e2e817c8fa}</UniqueIdentifier>
    </Filter>
    <Filter Include="XSDX\Source Files">
      <UniqueIdentifier>{c4f4a335-7e36-4913-8c3f-c2fb0b8077d8}</UniqueIdentifier>
    </Filter>
    <Filter Include="Shaders">
      <UniqueIdentifier>{99952eb5-43c2-4d26-9f4c-706fdb76073b}</UniqueIdentifier>
    </Filter>
  </ItemGroup>
  <ItemGroup>
    <ClInclude Include="stdafx.h">
      <Filter>Header Files</Filter>
    </ClInclude>
    <ClInclude Include="targetver.h">
      <Filter>Header Files</Filter>
    </ClInclude>
    <ClInclude Include="Resource.h">
      <Filter>Header Files</Filter>
    </ClInclude>
    <ClInclude Include="VoxelizerX.h">
      <Filter>Header Files</Filter>
    </ClInclude>
    <ClInclude Include="Common\DirectXHelper.h">
      <Filter>Common</Filter>
    </ClInclude>
    <ClInclude Include="XSDX\XSDXResource.h">
      <Filter>XSDX\Header Files</Filter>
    </ClInclude>
    <ClInclude Include="XSDX\XSDXShader.h">
      <Filter>XSDX\Header Files</Filter>
    </ClInclude>
    <ClInclude Include="XSDX\XSDXShaderCommon.h">
      <Filter>XSDX\Header Files</Filter>
    </ClInclude>
    <ClInclude Include="XSDX\XSDXSharedConst.h">
      <Filter>XSDX\Header Files</Filter>
    </ClInclude>
    <ClInclude Include="XSDX\XSDXState.h">
      <Filter>XSDX\Header Files</Filter>
    </ClInclude>
    <ClInclude Include="XSDX\XSDXType.h">
      <Filter>XSDX\Header Files</Filter>
    </ClInclude>
    <ClInclude Include="Content\Voxelizer.h">
      <Filter>Header Files</Filter>
    </ClInclude>
    <ClInclude Include="Content\ObjLoader.h">
      <Filter>Header Files</Filter>
    </ClInclude>
    <ClInclude Include="Content\SharedConst.h">
      <Filter>Header Files</Filter>
    </ClInclude>
  </ItemGroup>
  <ItemGroup>
    <ClCompile Include="stdafx.cpp">
      <Filter>Source Files</Filter>
    </ClCompile>
    <ClCompile Include="VoxelizerX.cpp">
      <Filter>Source Files</Filter>
    </ClCompile>
    <ClCompile Include="XSDX\XSDXResource.cpp">
      <Filter>XSDX\Source Files</Filter>
    </ClCompile>
    <ClCompile Include="XSDX\XSDXShader.cpp">
      <Filter>XSDX\Source Files</Filter>
    </ClCompile>
    <ClCompile Include="XSDX\XSDXState.cpp">
      <Filter>XSDX\Source Files</Filter>
    </ClCompile>
    <ClCompile Include="Content\Voxelizer.cpp">
      <Filter>Source Files</Filter>
    </ClCompile>
    <ClCompile Include="Content\ObjLoader.cpp">
      <Filter>Source Files</Filter>
    </ClCompile>
  </ItemGroup>
  <ItemGroup>
    <ResourceCompile Include="VoxelizerX.rc">
      <Filter>Resource Files</Filter>
    </ResourceCompile>
  </ItemGroup>
  <ItemGroup>
    <Image Include="small.ico">
      <Filter>Resource Files</Filter>
    </Image>
    <Image Include="VoxelizerX.ico">
      <Filter>Resource Files</Filter>
    </Image>
  </ItemGroup>
  <ItemGroup>
    <None Include="XSDX\CHDataSize.hlsli">
      <Filter>XSDX\Shader Files</Filter>
    </None>
    <None Include="Content\CSMutex.hlsli">
      <Filter>Shaders</Filter>
    </None>
    <None Include="Content\CSPackedFP16.hlsli">
      <Filter>Shaders</Filter>
    </None>
    <None Include="Content\DSTriProj.hlsli">
      <Filter>Shaders</Filter>
    </None>
    <None Include="Content\HSTriProj.hlsli">
      <Filter>Shaders</Filter>
    </None>
    <None Include="Content\PSDepthPeel.hlsli">
      <Filter>Shaders</Filter>
    </None>
    <None Include="Content\PSTriProj.hlsli">
      <Filter>Shaders</Filter>
    </None>
  </ItemGroup>
  <ItemGroup>
    <FxCompile Include="Content\CSRayCast.hlsl">
      <Filter>Shaders</Filter>
    </FxCompile>
    <FxCompile Include="Content\DSTriProj.hlsl">
      <Filter>Shaders</Filter>
    </FxCompile>
    <FxCompile Include="Content\HSTriProj.hlsl">
      <Filter>Shaders</Filter>
    </FxCompile>
    <FxCompile Include="Content\PSSimple.hlsl">
      <Filter>Shaders</Filter>
    </FxCompile>
    <FxCompile Include="Content\PSTriProj.hlsl">
      <Filter>Shaders</Filter>
    </FxCompile>
    <FxCompile Include="Content\PSTriProjUnion.hlsl">
      <Filter>Shaders</Filter>
    </FxCompile>
    <FxCompile Include="Content\VSBoxArray.hlsl">
      <Filter>Shaders</Filter>
    </FxCompile>
    <FxCompile Include="Content\VSPointArray.hlsl">
      <Filter>Shaders</Filter>
    </FxCompile>
    <FxCompile Include="Content\VSTriProj.hlsl">
      <Filter>Shaders</Filter>
    </FxCompile>
    <FxCompile Include="Content\VSTriProjTess.hlsl">
      <Filter>Shaders</Filter>
    </FxCompile>
    <FxCompile Include="Content\VSTriProjUnion.hlsl">
      <Filter>Shaders</Filter>
    </FxCompile>
    <FxCompile Include="Content\PSTriProjSolid.hlsl">
      <Filter>Shaders</Filter>
    </FxCompile>
    <FxCompile Include="Content\PSTriProjUnionSolid.hlsl">
      <Filter>Shaders</Filter>
    </FxCompile>
    <FxCompile Include="Content\CSFillSolid.hlsl">
      <Filter>Shaders</Filter>
    </FxCompile>
  </ItemGroup>
</Project>